// !$*UTF8*$!
{
	archiveVersion = 1;
	classes = {
	};
	objectVersion = 77;
	objects = {

/* Begin PBXBuildFile section */
		5B8F80D62DDF81FE00F6C765 /* SharedAccessibilityIDs.framework in Frameworks */ = {isa = PBXBuildFile; fileRef = 5C0000032DD0000100000000 /* SharedAccessibilityIDs.framework */; };
		5B8F80D72DDF81FE00F6C765 /* SharedAccessibilityIDs.framework in Embed Frameworks */ = {isa = PBXBuildFile; fileRef = 5C0000032DD0000100000000 /* SharedAccessibilityIDs.framework */; settings = {ATTRIBUTES = (CodeSignOnCopy, RemoveHeadersOnCopy, ); }; };
		5B9AFB802DD877A2007721C8 /* SharedAccessibilityIDs.h in Headers */ = {isa = PBXBuildFile; fileRef = 5B9AFB7F2DD877A2007721C8 /* SharedAccessibilityIDs.h */; };
		5C0000052DD0000100000000 /* SharedAccessibilityIDs/AccessibilityIdentifiers.swift in Sources */ = {isa = PBXBuildFile; fileRef = 5B0000012DD0000000000000 /* SharedAccessibilityIDs/AccessibilityIdentifiers.swift */; };
		5C00000C2DD0000100000000 /* SharedAccessibilityIDs.framework in Frameworks */ = {isa = PBXBuildFile; fileRef = 5C0000032DD0000100000000 /* SharedAccessibilityIDs.framework */; };
/* End PBXBuildFile section */

/* Begin PBXContainerItemProxy section */
		5B922C652DD50811008BD183 /* PBXContainerItemProxy */ = {
			isa = PBXContainerItemProxy;
			containerPortal = 5B922C4F2DD50810008BD183 /* Project object */;
			proxyType = 1;
			remoteGlobalIDString = 5B922C562DD50810008BD183;
			remoteInfo = QATrainee;
		};
		5B922C6F2DD50811008BD183 /* PBXContainerItemProxy */ = {
			isa = PBXContainerItemProxy;
			containerPortal = 5B922C4F2DD50810008BD183 /* Project object */;
			proxyType = 1;
			remoteGlobalIDString = 5B922C562DD50810008BD183;
			remoteInfo = QATrainee;
		};
		5C0000122DD0000100000000 /* PBXContainerItemProxy */ = {
			isa = PBXContainerItemProxy;
			containerPortal = 5B922C4F2DD50810008BD183 /* Project object */;
			proxyType = 1;
			remoteGlobalIDString = 5C0000022DD0000100000000;
			remoteInfo = SharedAccessibilityIDs;
		};
		5C0000132DD0000100000000 /* PBXContainerItemProxy */ = {
			isa = PBXContainerItemProxy;
			containerPortal = 5B922C4F2DD50810008BD183 /* Project object */;
			proxyType = 1;
			remoteGlobalIDString = 5C0000022DD0000100000000;
			remoteInfo = SharedAccessibilityIDs;
		};
/* End PBXContainerItemProxy section */

/* Begin PBXCopyFilesBuildPhase section */
		5B8F80D82DDF81FE00F6C765 /* Embed Frameworks */ = {
			isa = PBXCopyFilesBuildPhase;
			buildActionMask = 2147483647;
			dstPath = "";
			dstSubfolderSpec = 10;
			files = (
				5B8F80D72DDF81FE00F6C765 /* SharedAccessibilityIDs.framework in Embed Frameworks */,
			);
			name = "Embed Frameworks";
			runOnlyForDeploymentPostprocessing = 0;
		};
/* End PBXCopyFilesBuildPhase section */

/* Begin PBXFileReference section */
		5B0000012DD0000000000000 /* SharedAccessibilityIDs/AccessibilityIdentifiers.swift */ = {isa = PBXFileReference; lastKnownFileType = sourcecode.swift; path = SharedAccessibilityIDs/AccessibilityIdentifiers.swift; sourceTree = SOURCE_ROOT; };
		5B656DB02DDF71FB00679778 /* QATrainee.xcodeproj */ = {isa = PBXFileReference; lastKnownFileType = "wrapper.pb-project"; path = QATrainee.xcodeproj; sourceTree = "<group>"; };
		5B8F80522DDF79D300F6C765 /* QATrainee.xcodeproj */ = {isa = PBXFileReference; lastKnownFileType = "wrapper.pb-project"; path = QATrainee.xcodeproj; sourceTree = "<group>"; };
		5B8F80A42DDF7FC300F6C765 /* QATrainee.xcodeproj */ = {isa = PBXFileReference; lastKnownFileType = "wrapper.pb-project"; path = QATrainee.xcodeproj; sourceTree = "<group>"; };
		5B922C572DD50810008BD183 /* QATrainee.app */ = {isa = PBXFileReference; explicitFileType = wrapper.application; includeInIndex = 0; path = QATrainee.app; sourceTree = BUILT_PRODUCTS_DIR; };
		5B922C642DD50811008BD183 /* QATraineeTests.xctest */ = {isa = PBXFileReference; explicitFileType = wrapper.cfbundle; includeInIndex = 0; path = QATraineeTests.xctest; sourceTree = BUILT_PRODUCTS_DIR; };
		5B922C6E2DD50811008BD183 /* QATraineeUITests.xctest */ = {isa = PBXFileReference; explicitFileType = wrapper.cfbundle; includeInIndex = 0; path = QATraineeUITests.xctest; sourceTree = BUILT_PRODUCTS_DIR; };
		5B9AFB7F2DD877A2007721C8 /* SharedAccessibilityIDs.h */ = {isa = PBXFileReference; lastKnownFileType = sourcecode.c.h; path = SharedAccessibilityIDs.h; sourceTree = "<group>"; };
		5C0000032DD0000100000000 /* SharedAccessibilityIDs.framework */ = {isa = PBXFileReference; explicitFileType = wrapper.framework; includeInIndex = 0; path = SharedAccessibilityIDs.framework; sourceTree = BUILT_PRODUCTS_DIR; };
/* End PBXFileReference section */

/* Begin PBXFileSystemSynchronizedRootGroup section */
		5B922C592DD50810008BD183 /* QATrainee */ = {
			isa = PBXFileSystemSynchronizedRootGroup;
			path = QATrainee;
			sourceTree = "<group>";
		};
		5B922C672DD50811008BD183 /* QATraineeTests */ = {
			isa = PBXFileSystemSynchronizedRootGroup;
			path = QATraineeTests;
			sourceTree = "<group>";
		};
		5B922C712DD50811008BD183 /* QATraineeUITests */ = {
			isa = PBXFileSystemSynchronizedRootGroup;
			path = QATraineeUITests;
			sourceTree = "<group>";
		};
/* End PBXFileSystemSynchronizedRootGroup section */

/* Begin PBXFrameworksBuildPhase section */
		5B922C542DD50810008BD183 /* Frameworks */ = {
			isa = PBXFrameworksBuildPhase;
			buildActionMask = 2147483647;
			files = (
				5B8F80D62DDF81FE00F6C765 /* SharedAccessibilityIDs.framework in Frameworks */,
			);
			runOnlyForDeploymentPostprocessing = 0;
		};
		5B922C612DD50811008BD183 /* Frameworks */ = {
			isa = PBXFrameworksBuildPhase;
			buildActionMask = 2147483647;
			files = (
			);
			runOnlyForDeploymentPostprocessing = 0;
		};
		5B922C6B2DD50811008BD183 /* Frameworks */ = {
			isa = PBXFrameworksBuildPhase;
			buildActionMask = 2147483647;
			files = (
				5C00000C2DD0000100000000 /* SharedAccessibilityIDs.framework in Frameworks */,
			);
			runOnlyForDeploymentPostprocessing = 0;
		};
		5C0000062DD0000100000000 /* Frameworks */ = {
			isa = PBXFrameworksBuildPhase;
			buildActionMask = 2147483647;
			files = (
			);
			runOnlyForDeploymentPostprocessing = 0;
		};
/* End PBXFrameworksBuildPhase section */

/* Begin PBXGroup section */
		5B656DB12DDF71FB00679778 /* Products */ = {
			isa = PBXGroup;
			name = Products;
			sourceTree = "<group>";
		};
		5B8F80542DDF79D300F6C765 /* Products */ = {
			isa = PBXGroup;
			name = Products;
			sourceTree = "<group>";
		};
		5B8F80A62DDF7FC300F6C765 /* Products */ = {
			isa = PBXGroup;
			name = Products;
			sourceTree = "<group>";
		};
		5B922C4E2DD50810008BD183 = {
			isa = PBXGroup;
			children = (
				5B922C592DD50810008BD183 /* QATrainee */,
				5B922C672DD50811008BD183 /* QATraineeTests */,
				5B922C712DD50811008BD183 /* QATraineeUITests */,
				5B922C582DD50810008BD183 /* Products */,
				5C0000102DD0000100000000 /* SharedAccessibilityIDs */,
			);
			sourceTree = "<group>";
		};
		5B922C582DD50810008BD183 /* Products */ = {
			isa = PBXGroup;
			children = (
				5B922C572DD50810008BD183 /* QATrainee.app */,
				5B922C642DD50811008BD183 /* QATraineeTests.xctest */,
				5B922C6E2DD50811008BD183 /* QATraineeUITests.xctest */,
				5C0000032DD0000100000000 /* SharedAccessibilityIDs.framework */,
			);
			name = Products;
			sourceTree = "<group>";
		};
		5C0000102DD0000100000000 /* SharedAccessibilityIDs */ = {
			isa = PBXGroup;
			children = (
				5B9AFB7F2DD877A2007721C8 /* SharedAccessibilityIDs.h */,
				5B0000012DD0000000000000 /* SharedAccessibilityIDs/AccessibilityIdentifiers.swift */,
			);
			path = SharedAccessibilityIDs;
			sourceTree = "<group>";
		};
/* End PBXGroup section */

/* Begin PBXHeadersBuildPhase section */
		5C0000072DD0000100000000 /* Headers */ = {
			isa = PBXHeadersBuildPhase;
			buildActionMask = 2147483647;
			files = (
				5B9AFB802DD877A2007721C8 /* SharedAccessibilityIDs.h in Headers */,
			);
			runOnlyForDeploymentPostprocessing = 0;
		};
/* End PBXHeadersBuildPhase section */

/* Begin PBXNativeTarget section */
		5B922C562DD50810008BD183 /* QATrainee */ = {
			isa = PBXNativeTarget;
			buildConfigurationList = 5B922C782DD50811008BD183 /* Build configuration list for PBXNativeTarget "QATrainee" */;
			buildPhases = (
				5B922C532DD50810008BD183 /* Sources */,
				5B922C542DD50810008BD183 /* Frameworks */,
				5B922C552DD50810008BD183 /* Resources */,
				5B8F80D82DDF81FE00F6C765 /* Embed Frameworks */,
			);
			buildRules = (
			);
			dependencies = (
				5C00000D2DD0000100000000 /* PBXTargetDependency */,
			);
			fileSystemSynchronizedGroups = (
				5B922C592DD50810008BD183 /* QATrainee */,
			);
			name = QATrainee;
			packageProductDependencies = (
			);
			productName = QATrainee;
			productReference = 5B922C572DD50810008BD183 /* QATrainee.app */;
			productType = "com.apple.product-type.application";
		};
		5B922C632DD50811008BD183 /* QATraineeTests */ = {
			isa = PBXNativeTarget;
			buildConfigurationList = 5B922C7B2DD50811008BD183 /* Build configuration list for PBXNativeTarget "QATraineeTests" */;
			buildPhases = (
				5B922C602DD50811008BD183 /* Sources */,
				5B922C612DD50811008BD183 /* Frameworks */,
				5B922C622DD50811008BD183 /* Resources */,
			);
			buildRules = (
			);
			dependencies = (
				5C00000E2DD0000100000000 /* PBXTargetDependency */,
				5B922C662DD50811008BD183 /* PBXTargetDependency */,
			);
			fileSystemSynchronizedGroups = (
				5B922C672DD50811008BD183 /* QATraineeTests */,
			);
			name = QATraineeTests;
			packageProductDependencies = (
			);
			productName = QATraineeTests;
			productReference = 5B922C642DD50811008BD183 /* QATraineeTests.xctest */;
			productType = "com.apple.product-type.bundle.unit-test";
		};
		5B922C6D2DD50811008BD183 /* QATraineeUITests */ = {
			isa = PBXNativeTarget;
			buildConfigurationList = 5B922C7E2DD50811008BD183 /* Build configuration list for PBXNativeTarget "QATraineeUITests" */;
			buildPhases = (
				5B922C6A2DD50811008BD183 /* Sources */,
				5B922C6B2DD50811008BD183 /* Frameworks */,
				5B922C6C2DD50811008BD183 /* Resources */,
			);
			buildRules = (
			);
			dependencies = (
				5B922C702DD50811008BD183 /* PBXTargetDependency */,
			);
			fileSystemSynchronizedGroups = (
				5B922C712DD50811008BD183 /* QATraineeUITests */,
			);
			name = QATraineeUITests;
			packageProductDependencies = (
			);
			productName = QATraineeUITests;
			productReference = 5B922C6E2DD50811008BD183 /* QATraineeUITests.xctest */;
			productType = "com.apple.product-type.bundle.ui-testing";
		};
		5C0000022DD0000100000000 /* SharedAccessibilityIDs */ = {
			isa = PBXNativeTarget;
			buildConfigurationList = 5C0000082DD0000100000000 /* Build configuration list for PBXNativeTarget "SharedAccessibilityIDs" */;
			buildPhases = (
				5C0000042DD0000100000000 /* Sources */,
				5C0000062DD0000100000000 /* Frameworks */,
				5C0000072DD0000100000000 /* Headers */,
			);
			buildRules = (
			);
			dependencies = (
			);
			name = SharedAccessibilityIDs;
			productName = SharedAccessibilityIDs;
			productReference = 5C0000032DD0000100000000 /* SharedAccessibilityIDs.framework */;
			productType = "com.apple.product-type.framework";
		};
/* End PBXNativeTarget section */

/* Begin PBXProject section */
		5B922C4F2DD50810008BD183 /* Project object */ = {
			isa = PBXProject;
			attributes = {
				BuildIndependentTargetsInParallel = 1;
				LastSwiftUpdateCheck = 1630;
				LastUpgradeCheck = 1630;
				TargetAttributes = {
					5B922C562DD50810008BD183 = {
						CreatedOnToolsVersion = 16.3;
					};
					5B922C632DD50811008BD183 = {
						CreatedOnToolsVersion = 16.3;
						TestTargetID = 5B922C562DD50810008BD183;
					};
					5B922C6D2DD50811008BD183 = {
						CreatedOnToolsVersion = 16.3;
						TestTargetID = 5B922C562DD50810008BD183;
					};
					5C0000022DD0000100000000 = {
						CreatedOnToolsVersion = 16.3;
					};
				};
			};
			buildConfigurationList = 5B922C522DD50810008BD183 /* Build configuration list for PBXProject "QATrainee" */;
			developmentRegion = en;
			hasScannedForEncodings = 0;
			knownRegions = (
				en,
				Base,
			);
			mainGroup = 5B922C4E2DD50810008BD183;
			minimizedProjectReferenceProxies = 1;
			preferredProjectObjectVersion = 77;
			productRefGroup = 5B922C582DD50810008BD183 /* Products */;
			projectDirPath = "";
			projectReferences = (
				{
					ProductGroup = 5B8F80542DDF79D300F6C765 /* Products */;
					ProjectRef = 5B8F80522DDF79D300F6C765 /* QATrainee.xcodeproj */;
				},
				{
					ProductGroup = 5B656DB12DDF71FB00679778 /* Products */;
					ProjectRef = 5B656DB02DDF71FB00679778 /* QATrainee.xcodeproj */;
				},
				{
					ProductGroup = 5B8F80A62DDF7FC300F6C765 /* Products */;
					ProjectRef = 5B8F80A42DDF7FC300F6C765 /* QATrainee.xcodeproj */;
				},
			);
			projectRoot = "";
			targets = (
				5B922C562DD50810008BD183 /* QATrainee */,
				5B922C632DD50811008BD183 /* QATraineeTests */,
				5B922C6D2DD50811008BD183 /* QATraineeUITests */,
				5C0000022DD0000100000000 /* SharedAccessibilityIDs */,
			);
		};
/* End PBXProject section */

/* Begin PBXResourcesBuildPhase section */
		5B922C552DD50810008BD183 /* Resources */ = {
			isa = PBXResourcesBuildPhase;
			buildActionMask = 2147483647;
			files = (
			);
			runOnlyForDeploymentPostprocessing = 0;
		};
		5B922C622DD50811008BD183 /* Resources */ = {
			isa = PBXResourcesBuildPhase;
			buildActionMask = 2147483647;
			files = (
			);
			runOnlyForDeploymentPostprocessing = 0;
		};
		5B922C6C2DD50811008BD183 /* Resources */ = {
			isa = PBXResourcesBuildPhase;
			buildActionMask = 2147483647;
			files = (
			);
			runOnlyForDeploymentPostprocessing = 0;
		};
/* End PBXResourcesBuildPhase section */

/* Begin PBXSourcesBuildPhase section */
		5B922C532DD50810008BD183 /* Sources */ = {
			isa = PBXSourcesBuildPhase;
			buildActionMask = 2147483647;
			files = (
			);
			runOnlyForDeploymentPostprocessing = 0;
		};
		5B922C602DD50811008BD183 /* Sources */ = {
			isa = PBXSourcesBuildPhase;
			buildActionMask = 2147483647;
			files = (
			);
			runOnlyForDeploymentPostprocessing = 0;
		};
		5B922C6A2DD50811008BD183 /* Sources */ = {
			isa = PBXSourcesBuildPhase;
			buildActionMask = 2147483647;
			files = (
			);
			runOnlyForDeploymentPostprocessing = 0;
		};
		5C0000042DD0000100000000 /* Sources */ = {
			isa = PBXSourcesBuildPhase;
			buildActionMask = 2147483647;
			files = (
				5C0000052DD0000100000000 /* SharedAccessibilityIDs/AccessibilityIdentifiers.swift in Sources */,
			);
			runOnlyForDeploymentPostprocessing = 0;
		};
/* End PBXSourcesBuildPhase section */

/* Begin PBXTargetDependency section */
		5B922C662DD50811008BD183 /* PBXTargetDependency */ = {
			isa = PBXTargetDependency;
			target = 5B922C562DD50810008BD183 /* QATrainee */;
			targetProxy = 5B922C652DD50811008BD183 /* PBXContainerItemProxy */;
		};
		5B922C702DD50811008BD183 /* PBXTargetDependency */ = {
			isa = PBXTargetDependency;
			target = 5B922C562DD50810008BD183 /* QATrainee */;
			targetProxy = 5B922C6F2DD50811008BD183 /* PBXContainerItemProxy */;
		};
		5C00000D2DD0000100000000 /* PBXTargetDependency */ = {
			isa = PBXTargetDependency;
			target = 5C0000022DD0000100000000 /* SharedAccessibilityIDs */;
			targetProxy = 5C0000122DD0000100000000 /* PBXContainerItemProxy */;
		};
		5C00000E2DD0000100000000 /* PBXTargetDependency */ = {
			isa = PBXTargetDependency;
			target = 5C0000022DD0000100000000 /* SharedAccessibilityIDs */;
			targetProxy = 5C0000132DD0000100000000 /* PBXContainerItemProxy */;
		};
/* End PBXTargetDependency section */

/* Begin XCBuildConfiguration section */
		5B922C762DD50811008BD183 /* Debug */ = {
			isa = XCBuildConfiguration;
			buildSettings = {
				ALWAYS_SEARCH_USER_PATHS = NO;
				ASSETCATALOG_COMPILER_GENERATE_SWIFT_ASSET_SYMBOL_EXTENSIONS = YES;
				CLANG_ANALYZER_NONNULL = YES;
				CLANG_ANALYZER_NUMBER_OBJECT_CONVERSION = YES_AGGRESSIVE;
				CLANG_CXX_LANGUAGE_STANDARD = "gnu++20";
				CLANG_ENABLE_MODULES = YES;
				CLANG_ENABLE_OBJC_ARC = YES;
				CLANG_ENABLE_OBJC_WEAK = YES;
				CLANG_WARN_BLOCK_CAPTURE_AUTORELEASING = YES;
				CLANG_WARN_BOOL_CONVERSION = YES;
				CLANG_WARN_COMMA = YES;
				CLANG_WARN_CONSTANT_CONVERSION = YES;
				CLANG_WARN_DEPRECATED_OBJC_IMPLEMENTATIONS = YES;
				CLANG_WARN_DIRECT_OBJC_ISA_USAGE = YES_ERROR;
				CLANG_WARN_DOCUMENTATION_COMMENTS = YES;
				CLANG_WARN_EMPTY_BODY = YES;
				CLANG_WARN_ENUM_CONVERSION = YES;
				CLANG_WARN_INFINITE_RECURSION = YES;
				CLANG_WARN_INT_CONVERSION = YES;
				CLANG_WARN_NON_LITERAL_NULL_CONVERSION = YES;
				CLANG_WARN_OBJC_IMPLICIT_RETAIN_SELF = YES;
				CLANG_WARN_OBJC_LITERAL_CONVERSION = YES;
				CLANG_WARN_OBJC_ROOT_CLASS = YES_ERROR;
				CLANG_WARN_QUOTED_INCLUDE_IN_FRAMEWORK_HEADER = YES;
				CLANG_WARN_RANGE_LOOP_ANALYSIS = YES;
				CLANG_WARN_STRICT_PROTOTYPES = YES;
				CLANG_WARN_SUSPICIOUS_MOVE = YES;
				CLANG_WARN_UNGUARDED_AVAILABILITY = YES_AGGRESSIVE;
				CLANG_WARN_UNREACHABLE_CODE = YES;
				CLANG_WARN__DUPLICATE_METHOD_MATCH = YES;
				COPY_PHASE_STRIP = NO;
				DEBUG_INFORMATION_FORMAT = dwarf;
				ENABLE_STRICT_OBJC_MSGSEND = YES;
				ENABLE_TESTABILITY = YES;
				ENABLE_USER_SCRIPT_SANDBOXING = YES;
				GCC_C_LANGUAGE_STANDARD = gnu17;
				GCC_DYNAMIC_NO_PIC = NO;
				GCC_NO_COMMON_BLOCKS = YES;
				GCC_OPTIMIZATION_LEVEL = 0;
				GCC_PREPROCESSOR_DEFINITIONS = (
					"DEBUG=1",
					"$(inherited)",
				);
				GCC_WARN_64_TO_32_BIT_CONVERSION = YES;
				GCC_WARN_ABOUT_RETURN_TYPE = YES_ERROR;
				GCC_WARN_UNDECLARED_SELECTOR = YES;
				GCC_WARN_UNINITIALIZED_AUTOS = YES_AGGRESSIVE;
				GCC_WARN_UNUSED_FUNCTION = YES;
				GCC_WARN_UNUSED_VARIABLE = YES;
				IPHONEOS_DEPLOYMENT_TARGET = 18.4;
				LOCALIZATION_PREFERS_STRING_CATALOGS = YES;
				MTL_ENABLE_DEBUG_INFO = INCLUDE_SOURCE;
				MTL_FAST_MATH = YES;
				ONLY_ACTIVE_ARCH = YES;
				SDKROOT = iphoneos;
				SWIFT_ACTIVE_COMPILATION_CONDITIONS = "DEBUG $(inherited)";
				SWIFT_OPTIMIZATION_LEVEL = "-Onone";
			};
			name = Debug;
		};
		5B922C772DD50811008BD183 /* Release */ = {
			isa = XCBuildConfiguration;
			buildSettings = {
				ALWAYS_SEARCH_USER_PATHS = NO;
				ASSETCATALOG_COMPILER_GENERATE_SWIFT_ASSET_SYMBOL_EXTENSIONS = YES;
				CLANG_ANALYZER_NONNULL = YES;
				CLANG_ANALYZER_NUMBER_OBJECT_CONVERSION = YES_AGGRESSIVE;
				CLANG_CXX_LANGUAGE_STANDARD = "gnu++20";
				CLANG_ENABLE_MODULES = YES;
				CLANG_ENABLE_OBJC_ARC = YES;
				CLANG_ENABLE_OBJC_WEAK = YES;
				CLANG_WARN_BLOCK_CAPTURE_AUTORELEASING = YES;
				CLANG_WARN_BOOL_CONVERSION = YES;
				CLANG_WARN_COMMA = YES;
				CLANG_WARN_CONSTANT_CONVERSION = YES;
				CLANG_WARN_DEPRECATED_OBJC_IMPLEMENTATIONS = YES;
				CLANG_WARN_DIRECT_OBJC_ISA_USAGE = YES_ERROR;
				CLANG_WARN_DOCUMENTATION_COMMENTS = YES;
				CLANG_WARN_EMPTY_BODY = YES;
				CLANG_WARN_ENUM_CONVERSION = YES;
				CLANG_WARN_INFINITE_RECURSION = YES;
				CLANG_WARN_INT_CONVERSION = YES;
				CLANG_WARN_NON_LITERAL_NULL_CONVERSION = YES;
				CLANG_WARN_OBJC_IMPLICIT_RETAIN_SELF = YES;
				CLANG_WARN_OBJC_LITERAL_CONVERSION = YES;
				CLANG_WARN_OBJC_ROOT_CLASS = YES_ERROR;
				CLANG_WARN_QUOTED_INCLUDE_IN_FRAMEWORK_HEADER = YES;
				CLANG_WARN_RANGE_LOOP_ANALYSIS = YES;
				CLANG_WARN_STRICT_PROTOTYPES = YES;
				CLANG_WARN_SUSPICIOUS_MOVE = YES;
				CLANG_WARN_UNGUARDED_AVAILABILITY = YES_AGGRESSIVE;
				CLANG_WARN_UNREACHABLE_CODE = YES;
				CLANG_WARN__DUPLICATE_METHOD_MATCH = YES;
				COPY_PHASE_STRIP = NO;
				DEBUG_INFORMATION_FORMAT = "dwarf-with-dsym";
				ENABLE_NS_ASSERTIONS = NO;
				ENABLE_STRICT_OBJC_MSGSEND = YES;
				ENABLE_USER_SCRIPT_SANDBOXING = YES;
				GCC_C_LANGUAGE_STANDARD = gnu17;
				GCC_NO_COMMON_BLOCKS = YES;
				GCC_WARN_64_TO_32_BIT_CONVERSION = YES;
				GCC_WARN_ABOUT_RETURN_TYPE = YES_ERROR;
				GCC_WARN_UNDECLARED_SELECTOR = YES;
				GCC_WARN_UNINITIALIZED_AUTOS = YES_AGGRESSIVE;
				GCC_WARN_UNUSED_FUNCTION = YES;
				GCC_WARN_UNUSED_VARIABLE = YES;
				IPHONEOS_DEPLOYMENT_TARGET = 18.4;
				LOCALIZATION_PREFERS_STRING_CATALOGS = YES;
				MTL_ENABLE_DEBUG_INFO = NO;
				MTL_FAST_MATH = YES;
				SDKROOT = iphoneos;
				SWIFT_COMPILATION_MODE = wholemodule;
				VALIDATE_PRODUCT = YES;
			};
			name = Release;
		};
		5B922C792DD50811008BD183 /* Debug */ = {
			isa = XCBuildConfiguration;
			buildSettings = {
				ASSETCATALOG_COMPILER_APPICON_NAME = AppIcon;
				ASSETCATALOG_COMPILER_GLOBAL_ACCENT_COLOR_NAME = AccentColor;
				CODE_SIGN_STYLE = Automatic;
				CURRENT_PROJECT_VERSION = 1;
				DEVELOPMENT_TEAM = RT5ZP4C246;
				ENABLE_PREVIEWS = YES;
				GENERATE_INFOPLIST_FILE = YES;
				INFOPLIST_KEY_UIApplicationSceneManifest_Generation = YES;
				INFOPLIST_KEY_UIApplicationSupportsIndirectInputEvents = YES;
				INFOPLIST_KEY_UILaunchScreen_Generation = YES;
				INFOPLIST_KEY_UIStatusBarStyle = "";
				INFOPLIST_KEY_UISupportedInterfaceOrientations = UIInterfaceOrientationPortrait;
				INFOPLIST_KEY_UISupportedInterfaceOrientations_iPad = "UIInterfaceOrientationPortrait UIInterfaceOrientationPortraitUpsideDown";
				LD_RUNPATH_SEARCH_PATHS = (
					"$(inherited)",
					"@executable_path/Frameworks",
				);
				MARKETING_VERSION = 1.0;
				PRODUCT_BUNDLE_IDENTIFIER = m.QATrainee;
				PRODUCT_NAME = "$(TARGET_NAME)";
				SWIFT_EMIT_LOC_STRINGS = YES;
				SWIFT_VERSION = 5.0;
				TARGETED_DEVICE_FAMILY = "1,2";
			};
			name = Debug;
		};
		5B922C7A2DD50811008BD183 /* Release */ = {
			isa = XCBuildConfiguration;
			buildSettings = {
				ASSETCATALOG_COMPILER_APPICON_NAME = AppIcon;
				ASSETCATALOG_COMPILER_GLOBAL_ACCENT_COLOR_NAME = AccentColor;
				CODE_SIGN_STYLE = Automatic;
				CURRENT_PROJECT_VERSION = 1;
				DEVELOPMENT_TEAM = RT5ZP4C246;
				ENABLE_PREVIEWS = YES;
				GENERATE_INFOPLIST_FILE = YES;
				INFOPLIST_KEY_UIApplicationSceneManifest_Generation = YES;
				INFOPLIST_KEY_UIApplicationSupportsIndirectInputEvents = YES;
				INFOPLIST_KEY_UILaunchScreen_Generation = YES;
				INFOPLIST_KEY_UIStatusBarStyle = "";
				INFOPLIST_KEY_UISupportedInterfaceOrientations = UIInterfaceOrientationPortrait;
				INFOPLIST_KEY_UISupportedInterfaceOrientations_iPad = "UIInterfaceOrientationPortrait UIInterfaceOrientationPortraitUpsideDown";
				LD_RUNPATH_SEARCH_PATHS = (
					"$(inherited)",
					"@executable_path/Frameworks",
				);
				MARKETING_VERSION = 1.0;
				PRODUCT_BUNDLE_IDENTIFIER = m.QATrainee;
				PRODUCT_NAME = "$(TARGET_NAME)";
				SWIFT_EMIT_LOC_STRINGS = YES;
				SWIFT_VERSION = 5.0;
				TARGETED_DEVICE_FAMILY = "1,2";
			};
			name = Release;
		};
		5B922C7C2DD50811008BD183 /* Debug */ = {
			isa = XCBuildConfiguration;
			buildSettings = {
				BUNDLE_LOADER = "$(TEST_HOST)";
				CODE_SIGN_STYLE = Automatic;
				CURRENT_PROJECT_VERSION = 1;
				GENERATE_INFOPLIST_FILE = YES;
				IPHONEOS_DEPLOYMENT_TARGET = 18.4;
				MARKETING_VERSION = 1.0;
				PRODUCT_BUNDLE_IDENTIFIER = m.QATraineeTests;
				PRODUCT_NAME = "$(TARGET_NAME)";
				SWIFT_EMIT_LOC_STRINGS = NO;
				SWIFT_VERSION = 5.0;
				TARGETED_DEVICE_FAMILY = "1,2";
				TEST_HOST = "$(BUILT_PRODUCTS_DIR)/QATrainee.app/$(BUNDLE_EXECUTABLE_FOLDER_PATH)/QATrainee";
			};
			name = Debug;
		};
		5B922C7D2DD50811008BD183 /* Release */ = {
			isa = XCBuildConfiguration;
			buildSettings = {
				BUNDLE_LOADER = "$(TEST_HOST)";
				CODE_SIGN_STYLE = Automatic;
				CURRENT_PROJECT_VERSION = 1;
				GENERATE_INFOPLIST_FILE = YES;
				IPHONEOS_DEPLOYMENT_TARGET = 18.4;
				MARKETING_VERSION = 1.0;
				PRODUCT_BUNDLE_IDENTIFIER = m.QATraineeTests;
				PRODUCT_NAME = "$(TARGET_NAME)";
				SWIFT_EMIT_LOC_STRINGS = NO;
				SWIFT_VERSION = 5.0;
				TARGETED_DEVICE_FAMILY = "1,2";
				TEST_HOST = "$(BUILT_PRODUCTS_DIR)/QATrainee.app/$(BUNDLE_EXECUTABLE_FOLDER_PATH)/QATrainee";
			};
			name = Release;
		};
		5B922C7F2DD50811008BD183 /* Debug */ = {
			isa = XCBuildConfiguration;
			buildSettings = {
				CODE_SIGN_STYLE = Automatic;
				CURRENT_PROJECT_VERSION = 1;
				GENERATE_INFOPLIST_FILE = YES;
				MARKETING_VERSION = 1.0;
				PRODUCT_BUNDLE_IDENTIFIER = m.QATraineeUITests;
				PRODUCT_NAME = "$(TARGET_NAME)";
				SWIFT_EMIT_LOC_STRINGS = NO;
				SWIFT_VERSION = 5.0;
				TARGETED_DEVICE_FAMILY = "1,2";
				TEST_TARGET_NAME = QATrainee;
			};
			name = Debug;
		};
		5B922C802DD50811008BD183 /* Release */ = {
			isa = XCBuildConfiguration;
			buildSettings = {
				CODE_SIGN_STYLE = Automatic;
				CURRENT_PROJECT_VERSION = 1;
				GENERATE_INFOPLIST_FILE = YES;
				MARKETING_VERSION = 1.0;
				PRODUCT_BUNDLE_IDENTIFIER = m.QATraineeUITests;
				PRODUCT_NAME = "$(TARGET_NAME)";
				SWIFT_EMIT_LOC_STRINGS = NO;
				SWIFT_VERSION = 5.0;
				TARGETED_DEVICE_FAMILY = "1,2";
				TEST_TARGET_NAME = QATrainee;
			};
			name = Release;
		};
		5C0000092DD0000100000000 /* Debug */ = {
			isa = XCBuildConfiguration;
			buildSettings = {
				CODE_SIGN_STYLE = Automatic;
				DEFINES_MODULE = YES;
				DYLIB_COMPATIBILITY_VERSION = 1;
				DYLIB_CURRENT_VERSION = 1;
				DYLIB_INSTALL_NAME_BASE = "@rpath";
				FRAMEWORK_SEARCH_PATHS = "$(inherited)";
				FRAMEWORK_VERSION = A;
				GCC_PREPROCESSOR_DEFINITIONS = (
					"DEBUG=1",
					"$(inherited)",
				);
				GENERATE_INFOPLIST_FILE = YES;
				INSTALL_PATH = "$(LOCAL_LIBRARY_DIR)/Frameworks";
				IPHONEOS_DEPLOYMENT_TARGET = 18.4;
				PRODUCT_BUNDLE_IDENTIFIER = com.example.SharedAccessibilityIDs;
				PRODUCT_NAME = SharedAccessibilityIDs;
				SKIP_INSTALL = YES;
				SWIFT_VERSION = 5.0;
				TARGETED_DEVICE_FAMILY = "1,2";
			};
			name = Debug;
		};
		5C00000A2DD0000100000000 /* Release */ = {
			isa = XCBuildConfiguration;
			buildSettings = {
				CODE_SIGN_STYLE = Automatic;
				DEFINES_MODULE = YES;
				DYLIB_COMPATIBILITY_VERSION = 1;
				DYLIB_CURRENT_VERSION = 1;
				DYLIB_INSTALL_NAME_BASE = "@rpath";
				FRAMEWORK_VERSION = A;
				GENERATE_INFOPLIST_FILE = YES;
				INSTALL_PATH = "$(LOCAL_LIBRARY_DIR)/Frameworks";
				PRODUCT_NAME = SharedAccessibilityIDs;
				SWIFT_VERSION = 5.0;
			};
			name = Release;
		};
/* End XCBuildConfiguration section */

/* Begin XCConfigurationList section */
		5B922C522DD50810008BD183 /* Build configuration list for PBXProject "QATrainee" */ = {
			isa = XCConfigurationList;
			buildConfigurations = (
				5B922C762DD50811008BD183 /* Debug */,
				5B922C772DD50811008BD183 /* Release */,
			);
			defaultConfigurationIsVisible = 0;
			defaultConfigurationName = Release;
		};
		5B922C782DD50811008BD183 /* Build configuration list for PBXNativeTarget "QATrainee" */ = {
			isa = XCConfigurationList;
			buildConfigurations = (
				5B922C792DD50811008BD183 /* Debug */,
				5B922C7A2DD50811008BD183 /* Release */,
			);
			defaultConfigurationIsVisible = 0;
			defaultConfigurationName = Release;
		};
		5B922C7B2DD50811008BD183 /* Build configuration list for PBXNativeTarget "QATraineeTests" */ = {
			isa = XCConfigurationList;
			buildConfigurations = (
				5B922C7C2DD50811008BD183 /* Debug */,
				5B922C7D2DD50811008BD183 /* Release */,
			);
			defaultConfigurationIsVisible = 0;
			defaultConfigurationName = Release;
		};
		5B922C7E2DD50811008BD183 /* Build configuration list for PBXNativeTarget "QATraineeUITests" */ = {
			isa = XCConfigurationList;
			buildConfigurations = (
				5B922C7F2DD50811008BD183 /* Debug */,
				5B922C802DD50811008BD183 /* Release */,
			);
			defaultConfigurationIsVisible = 0;
			defaultConfigurationName = Release;
		};
		5C0000082DD0000100000000 /* Build configuration list for PBXNativeTarget "SharedAccessibilityIDs" */ = {
			isa = XCConfigurationList;
			buildConfigurations = (
				5C0000092DD0000100000000 /* Debug */,
				5C00000A2DD0000100000000 /* Release */,
			);
			defaultConfigurationIsVisible = 0;
			defaultConfigurationName = Release;
		};
/* End XCConfigurationList section */
	};
	rootObject = 5B922C4F2DD50810008BD183 /* Project object */;
}
